
Microsoft Visual Studio Solution File, Format Version 12.00
# Visual Studio 15
VisualStudioVersion = 15.0.28010.2041
MinimumVisualStudioVersion = 10.0.40219.1
Project("{FAE04EC0-301F-11D3-BF4B-00C04F79EFBC}") = "ApsRedes", "ApsRedes\ApsRedes.csproj", "{8E867466-E639-4816-A8E9-1E7292887DC0}"
EndProject
Global
	GlobalSection(SolutionConfigurationPlatforms) = preSolution
		Debug|Any CPU = Debug|Any CPU
		Release|Any CPU = Release|Any CPU
	EndGlobalSection
	GlobalSection(ProjectConfigurationPlatforms) = postSolution
		{8E867466-E639-4816-A8E9-1E7292887DC0}.Debug|Any CPU.ActiveCfg = Debug|Any CPU
		{8E867466-E639-4816-A8E9-1E7292887DC0}.Debug|Any CPU.Build.0 = Debug|Any CPU
		{8E867466-E639-4816-A8E9-1E7292887DC0}.Release|Any CPU.ActiveCfg = Release|Any CPU
		{8E867466-E639-4816-A8E9-1E7292887DC0}.Release|Any CPU.Build.0 = Release|Any CPU
	EndGlobalSection
	GlobalSection(SolutionProperties) = preSolution
		HideSolutionNode = FALSE
	EndGlobalSection
	GlobalSection(ExtensibilityGlobals) = postSolution
		SolutionGuid = {CC8652B7-E39B-433A-8827-2E4DB56341A5}
	EndGlobalSection
EndGlobal
